
Microsoft Visual Studio Solution File, Format Version 12.00
# Visual Studio 2012
Project("{FAE04EC0-301F-11D3-BF4B-00C04F79EFBC}") = "SushiHangover.SVGKit", "SushiHangover.SVGKit\SushiHangover.SVGKit.csproj", "{07AA23F3-3BB7-40DA-B635-216C4DC91F3A}"
EndProject
Project("{FAE04EC0-301F-11D3-BF4B-00C04F79EFBC}") = "SVGKit.SampleApp", "SVGKit.SampleApp\SVGKit.SampleApp.csproj", "{76090B75-DC07-43EE-8347-A441E414107A}"
EndProject
Project("{2150E333-8FDC-42A3-9474-1A3956D46DE8}") = "Solution Items", "Solution Items", "{F1AEBCFC-D8D1-4015-B99C-0196824FAFFE}"
	ProjectSection(SolutionItems) = preProject
		README.md = README.md
	EndProjectSection
EndProject
Project("{FAE04EC0-301F-11D3-BF4B-00C04F79EFBC}") = "Nuget.iOS.Text", "Nuget.Test\Nuget.iOS.Text\Nuget.iOS.Text.csproj", "{242954E0-AC3F-4F94-BFB3-EFF8D129E279}"
EndProject
Project("{2150E333-8FDC-42A3-9474-1A3956D46DE8}") = "Nuget.Test", "Nuget.Test", "{8A7F9BD6-685C-4784-9EF2-D69DC1CBDA23}"
EndProject
Global
	GlobalSection(SolutionConfigurationPlatforms) = preSolution
		Debug|Any CPU = Debug|Any CPU
		Release|Any CPU = Release|Any CPU
		Debug|iPhoneSimulator = Debug|iPhoneSimulator
		Release|iPhone = Release|iPhone
		Release|iPhoneSimulator = Release|iPhoneSimulator
		Debug|iPhone = Debug|iPhone
	EndGlobalSection
	GlobalSection(ProjectConfigurationPlatforms) = postSolution
		{07AA23F3-3BB7-40DA-B635-216C4DC91F3A}.Debug|Any CPU.ActiveCfg = Debug|Any CPU
		{07AA23F3-3BB7-40DA-B635-216C4DC91F3A}.Debug|Any CPU.Build.0 = Debug|Any CPU
		{07AA23F3-3BB7-40DA-B635-216C4DC91F3A}.Release|Any CPU.ActiveCfg = Release|Any CPU
		{07AA23F3-3BB7-40DA-B635-216C4DC91F3A}.Release|Any CPU.Build.0 = Release|Any CPU
		{07AA23F3-3BB7-40DA-B635-216C4DC91F3A}.Debug|iPhoneSimulator.ActiveCfg = Debug|Any CPU
		{07AA23F3-3BB7-40DA-B635-216C4DC91F3A}.Debug|iPhoneSimulator.Build.0 = Debug|Any CPU
		{07AA23F3-3BB7-40DA-B635-216C4DC91F3A}.Release|iPhone.ActiveCfg = Release|Any CPU
		{07AA23F3-3BB7-40DA-B635-216C4DC91F3A}.Release|iPhone.Build.0 = Release|Any CPU
		{07AA23F3-3BB7-40DA-B635-216C4DC91F3A}.Release|iPhoneSimulator.ActiveCfg = Release|Any CPU
		{07AA23F3-3BB7-40DA-B635-216C4DC91F3A}.Release|iPhoneSimulator.Build.0 = Release|Any CPU
		{07AA23F3-3BB7-40DA-B635-216C4DC91F3A}.Debug|iPhone.ActiveCfg = Debug|Any CPU
		{07AA23F3-3BB7-40DA-B635-216C4DC91F3A}.Debug|iPhone.Build.0 = Debug|Any CPU
		{76090B75-DC07-43EE-8347-A441E414107A}.Debug|Any CPU.ActiveCfg = Debug|iPhoneSimulator
		{76090B75-DC07-43EE-8347-A441E414107A}.Debug|Any CPU.Build.0 = Debug|iPhoneSimulator
		{76090B75-DC07-43EE-8347-A441E414107A}.Release|Any CPU.ActiveCfg = Release|iPhone
		{76090B75-DC07-43EE-8347-A441E414107A}.Release|Any CPU.Build.0 = Release|iPhone
		{76090B75-DC07-43EE-8347-A441E414107A}.Debug|iPhoneSimulator.ActiveCfg = Debug|iPhoneSimulator
		{76090B75-DC07-43EE-8347-A441E414107A}.Debug|iPhoneSimulator.Build.0 = Debug|iPhoneSimulator
		{76090B75-DC07-43EE-8347-A441E414107A}.Release|iPhone.ActiveCfg = Release|iPhone
		{76090B75-DC07-43EE-8347-A441E414107A}.Release|iPhone.Build.0 = Release|iPhone
		{76090B75-DC07-43EE-8347-A441E414107A}.Release|iPhoneSimulator.ActiveCfg = Release|iPhoneSimulator
		{76090B75-DC07-43EE-8347-A441E414107A}.Release|iPhoneSimulator.Build.0 = Release|iPhoneSimulator
		{76090B75-DC07-43EE-8347-A441E414107A}.Debug|iPhone.ActiveCfg = Debug|iPhone
		{76090B75-DC07-43EE-8347-A441E414107A}.Debug|iPhone.Build.0 = Debug|iPhone
		{242954E0-AC3F-4F94-BFB3-EFF8D129E279}.Debug|Any CPU.ActiveCfg = Debug|iPhoneSimulator
		{242954E0-AC3F-4F94-BFB3-EFF8D129E279}.Debug|Any CPU.Build.0 = Debug|iPhoneSimulator
		{242954E0-AC3F-4F94-BFB3-EFF8D129E279}.Release|Any CPU.ActiveCfg = Release|iPhone
		{242954E0-AC3F-4F94-BFB3-EFF8D129E279}.Release|Any CPU.Build.0 = Release|iPhone
		{242954E0-AC3F-4F94-BFB3-EFF8D129E279}.Debug|iPhoneSimulator.ActiveCfg = Debug|iPhoneSimulator
		{242954E0-AC3F-4F94-BFB3-EFF8D129E279}.Debug|iPhoneSimulator.Build.0 = Debug|iPhoneSimulator
		{242954E0-AC3F-4F94-BFB3-EFF8D129E279}.Release|iPhone.ActiveCfg = Release|iPhone
		{242954E0-AC3F-4F94-BFB3-EFF8D129E279}.Release|iPhone.Build.0 = Release|iPhone
		{242954E0-AC3F-4F94-BFB3-EFF8D129E279}.Release|iPhoneSimulator.ActiveCfg = Release|iPhoneSimulator
		{242954E0-AC3F-4F94-BFB3-EFF8D129E279}.Release|iPhoneSimulator.Build.0 = Release|iPhoneSimulator
		{242954E0-AC3F-4F94-BFB3-EFF8D129E279}.Debug|iPhone.ActiveCfg = Debug|iPhone
		{242954E0-AC3F-4F94-BFB3-EFF8D129E279}.Debug|iPhone.Build.0 = Debug|iPhone
	EndGlobalSection
	GlobalSection(MonoDevelopProperties) = preSolution
		version = 1.0
	EndGlobalSection
	GlobalSection(NestedProjects) = preSolution
		{242954E0-AC3F-4F94-BFB3-EFF8D129E279} = {8A7F9BD6-685C-4784-9EF2-D69DC1CBDA23}
	EndGlobalSection
EndGlobal
